
Microsoft Visual Studio Solution File, Format Version 12.00
# Visual Studio Version 17
VisualStudioVersion = 17.9.34728.123
MinimumVisualStudioVersion = 10.0.40219.1
Project("{FAE04EC0-301F-11D3-BF4B-00C04F79EFBC}") = "Lab2MVC", "Lab2MVC.csproj", "{F778EBA6-FE29-4EF7-AC85-BF9D192CD1E3}"
EndProject
Global
	GlobalSection(SolutionConfigurationPlatforms) = preSolution
		Debug|Any CPU = Debug|Any CPU
		Release|Any CPU = Release|Any CPU
	EndGlobalSection
	GlobalSection(ProjectConfigurationPlatforms) = postSolution
		{F778EBA6-FE29-4EF7-AC85-BF9D192CD1E3}.Debug|Any CPU.ActiveCfg = Debug|Any CPU
		{F778EBA6-FE29-4EF7-AC85-BF9D192CD1E3}.Debug|Any CPU.Build.0 = Debug|Any CPU
		{F778EBA6-FE29-4EF7-AC85-BF9D192CD1E3}.Release|Any CPU.ActiveCfg = Release|Any CPU
		{F778EBA6-FE29-4EF7-AC85-BF9D192CD1E3}.Release|Any CPU.Build.0 = Release|Any CPU
	EndGlobalSection
	GlobalSection(SolutionProperties) = preSolution
		HideSolutionNode = FALSE
	EndGlobalSection
	GlobalSection(ExtensibilityGlobals) = postSolution
		SolutionGuid = {1020B602-19AB-44E6-ACF8-9DA6822B73D9}
	EndGlobalSection
EndGlobal
